
Microsoft Visual Studio Solution File, Format Version 12.00
# Visual Studio Version 17
VisualStudioVersion = 17.14.36915.13 d17.14
MinimumVisualStudioVersion = 10.0.40219.1
Project("{FAE04EC0-301F-11D3-BF4B-00C04F79EFBC}") = "conceitos basicos", "conceitos basicos\conceitos basicos.csproj", "{3DDCB144-4304-48E5-8225-16BC506A4AF7}"
EndProject
Global
	GlobalSection(SolutionConfigurationPlatforms) = preSolution
		Debug|Any CPU = Debug|Any CPU
		Release|Any CPU = Release|Any CPU
	EndGlobalSection
	GlobalSection(ProjectConfigurationPlatforms) = postSolution
		{3DDCB144-4304-48E5-8225-16BC506A4AF7}.Debug|Any CPU.ActiveCfg = Debug|Any CPU
		{3DDCB144-4304-48E5-8225-16BC506A4AF7}.Debug|Any CPU.Build.0 = Debug|Any CPU
		{3DDCB144-4304-48E5-8225-16BC506A4AF7}.Release|Any CPU.ActiveCfg = Release|Any CPU
		{3DDCB144-4304-48E5-8225-16BC506A4AF7}.Release|Any CPU.Build.0 = Release|Any CPU
	EndGlobalSection
	GlobalSection(SolutionProperties) = preSolution
		HideSolutionNode = FALSE
	EndGlobalSection
	GlobalSection(ExtensibilityGlobals) = postSolution
		SolutionGuid = {6752602C-EA6D-4782-BBF1-885FC6994003}
	EndGlobalSection
EndGlobal
